
Microsoft Visual Studio Solution File, Format Version 12.00
# Visual Studio Version 16
VisualStudioVersion = 16.0.809.10
MinimumVisualStudioVersion = 10.0.40219.1
Project("{FAE04EC0-301F-11D3-BF4B-00C04F79EFBC}") = "ShopProject", "ShopProject\ShopProject.csproj", "{D45A6C18-119F-48A4-98D1-88D7A5498D20}"
EndProject
Global
	GlobalSection(SolutionConfigurationPlatforms) = preSolution
		Debug|Any CPU = Debug|Any CPU
		Release|Any CPU = Release|Any CPU
	EndGlobalSection
	GlobalSection(ProjectConfigurationPlatforms) = postSolution
		{D45A6C18-119F-48A4-98D1-88D7A5498D20}.Debug|Any CPU.ActiveCfg = Debug|Any CPU
		{D45A6C18-119F-48A4-98D1-88D7A5498D20}.Debug|Any CPU.Build.0 = Debug|Any CPU
		{D45A6C18-119F-48A4-98D1-88D7A5498D20}.Release|Any CPU.ActiveCfg = Release|Any CPU
		{D45A6C18-119F-48A4-98D1-88D7A5498D20}.Release|Any CPU.Build.0 = Release|Any CPU
	EndGlobalSection
	GlobalSection(SolutionProperties) = preSolution
		HideSolutionNode = FALSE
	EndGlobalSection
	GlobalSection(ExtensibilityGlobals) = postSolution
		SolutionGuid = {79E670C5-F8D7-4C92-94CF-065D804AB716}
	EndGlobalSection
EndGlobal
